<?xml version="1.0" encoding="utf-8"?>
<Project ToolsVersion="12.0" xmlns="http://schemas.microsoft.com/developer/msbuild/2003">
  <ItemGroup>
    <Text Include="$(MSBuildThisFileDirectory)readme.txt" />
    <Text Include="$(MSBuildThisFileDirectory)library.properties" />
    <Text Include="$(MSBuildThisFileDirectory)src\Music\Keys.txt">
      <Filter>src\Music</Filter>
    </Text>
  </ItemGroup>
  <ItemGroup>
    <Filter Include="src">
      <UniqueIdentifier>{73a1a810-2d87-4d8f-8da6-95b070b5ee2f}</UniqueIdentifier>
    </Filter>
    <Filter Include="src\Devices">
      <UniqueIdentifier>{7c9fb65b-2158-4596-a1a1-6e2a27d84f1c}</UniqueIdentifier>
    </Filter>
    <Filter Include="src\GUI">
      <UniqueIdentifier>{251de991-3cd9-432b-ba49-a18329b6af12}</UniqueIdentifier>
    </Filter>
    <Filter Include="src\Music">
      <UniqueIdentifier>{aca6e171-26c4-4aae-a85a-86edf591e5f3}</UniqueIdentifier>
    </Filter>
    <Filter Include="src\Sound">
      <UniqueIdentifier>{a281a64e-f65c-439c-a8a2-35848bd79f3d}</UniqueIdentifier>
    </Filter>
  </ItemGroup>
  <ItemGroup>
    <ClInclude Include="$(MSBuildThisFileDirectory)src\QuantoGraph.h">
      <Filter>src</Filter>
    </ClInclude>
    <ClInclude Include="$(MSBuildThisFileDirectory)src\Devices\AudioBoard.h">
      <Filter>src\Devices</Filter>
    </ClInclude>
    <ClInclude Include="$(MSBuildThisFileDirectory)src\Devices\Bluetooth.h">
      <Filter>src\Devices</Filter>
    </ClInclude>
    <ClInclude Include="$(MSBuildThisFileDirectory)src\Devices\Definitions.h">
      <Filter>src\Devices</Filter>
    </ClInclude>
    <ClInclude Include="$(MSBuildThisFileDirectory)src\Devices\Devices.h">
      <Filter>src\Devices</Filter>
    </ClInclude>
    <ClInclude Include="$(MSBuildThisFileDirectory)src\Devices\Led.h">
      <Filter>src\Devices</Filter>
    </ClInclude>
    <ClInclude Include="$(MSBuildThisFileDirectory)src\Devices\MidiInput.h">
      <Filter>src\Devices</Filter>
    </ClInclude>
    <ClInclude Include="$(MSBuildThisFileDirectory)src\Devices\Motion.h">
      <Filter>src\Devices</Filter>
    </ClInclude>
    <ClInclude Include="$(MSBuildThisFileDirectory)src\Devices\RealTime.h">
      <Filter>src\Devices</Filter>
    </ClInclude>
    <ClInclude Include="$(MSBuildThisFileDirectory)src\Devices\SdCard.h">
      <Filter>src\Devices</Filter>
    </ClInclude>
    <ClInclude Include="$(MSBuildThisFileDirectory)src\Devices\SettingsFile.h">
      <Filter>src\Devices</Filter>
    </ClInclude>
    <ClInclude Include="$(MSBuildThisFileDirectory)src\Devices\Storage.h">
      <Filter>src\Devices</Filter>
    </ClInclude>
    <ClInclude Include="$(MSBuildThisFileDirectory)src\Devices\TouchScreen.h">
      <Filter>src\Devices</Filter>
    </ClInclude>
    <ClInclude Include="$(MSBuildThisFileDirectory)src\GUI\Button.h">
      <Filter>src\GUI</Filter>
    </ClInclude>
    <ClInclude Include="$(MSBuildThisFileDirectory)src\GUI\CheckBox.h">
      <Filter>src\GUI</Filter>
    </ClInclude>
    <ClInclude Include="$(MSBuildThisFileDirectory)src\GUI\Control.h">
      <Filter>src\GUI</Filter>
    </ClInclude>
    <ClInclude Include="$(MSBuildThisFileDirectory)src\GUI\Gui.h">
      <Filter>src\GUI</Filter>
    </ClInclude>
    <ClInclude Include="$(MSBuildThisFileDirectory)src\GUI\GuiMisc.h">
      <Filter>src\GUI</Filter>
    </ClInclude>
    <ClInclude Include="$(MSBuildThisFileDirectory)src\GUI\List.h">
      <Filter>src\GUI</Filter>
    </ClInclude>
    <ClInclude Include="$(MSBuildThisFileDirectory)src\GUI\Main.h">
      <Filter>src\GUI</Filter>
    </ClInclude>
    <ClInclude Include="$(MSBuildThisFileDirectory)src\GUI\PeakMeter.h">
      <Filter>src\GUI</Filter>
    </ClInclude>
    <ClInclude Include="$(MSBuildThisFileDirectory)src\GUI\SetAudio.h">
      <Filter>src\GUI</Filter>
    </ClInclude>
    <ClInclude Include="$(MSBuildThisFileDirectory)src\GUI\SetBand.h">
      <Filter>src\GUI</Filter>
    </ClInclude>
    <ClInclude Include="$(MSBuildThisFileDirectory)src\GUI\SetEffect.h">
      <Filter>src\GUI</Filter>
    </ClInclude>
    <ClInclude Include="$(MSBuildThisFileDirectory)src\GUI\SetGuitar.h">
      <Filter>src\GUI</Filter>
    </ClInclude>
    <ClInclude Include="$(MSBuildThisFileDirectory)src\GUI\SetSynth.h">
      <Filter>src\GUI</Filter>
    </ClInclude>
    <ClInclude Include="$(MSBuildThisFileDirectory)src\GUI\Slider.h">
      <Filter>src\GUI</Filter>
    </ClInclude>
    <ClInclude Include="$(MSBuildThisFileDirectory)src\GUI\TextBox.h">
      <Filter>src\GUI</Filter>
    </ClInclude>
    <ClInclude Include="$(MSBuildThisFileDirectory)src\GUI\Window.h">
      <Filter>src\GUI</Filter>
    </ClInclude>
    <ClInclude Include="$(MSBuildThisFileDirectory)src\Music\Band.h">
      <Filter>src\Music</Filter>
    </ClInclude>
    <ClInclude Include="$(MSBuildThisFileDirectory)src\Music\Bass.h">
      <Filter>src\Music</Filter>
    </ClInclude>
    <ClInclude Include="$(MSBuildThisFileDirectory)src\Music\Chord.h">
      <Filter>src\Music</Filter>
    </ClInclude>
    <ClInclude Include="$(MSBuildThisFileDirectory)src\Music\Drums.h">
      <Filter>src\Music</Filter>
    </ClInclude>
    <ClInclude Include="$(MSBuildThisFileDirectory)src\Music\Effects.h">
      <Filter>src\Music</Filter>
    </ClInclude>
    <ClInclude Include="$(MSBuildThisFileDirectory)src\Music\Fingers.h">
      <Filter>src\Music</Filter>
    </ClInclude>
    <ClInclude Include="$(MSBuildThisFileDirectory)src\Music\Keys.h">
      <Filter>src\Music</Filter>
    </ClInclude>
    <ClInclude Include="$(MSBuildThisFileDirectory)src\Music\Lead.h">
      <Filter>src\Music</Filter>
    </ClInclude>
    <ClInclude Include="$(MSBuildThisFileDirectory)src\Music\MidiFile.h">
      <Filter>src\Music</Filter>
    </ClInclude>
    <ClInclude Include="$(MSBuildThisFileDirectory)src\Music\Misc.h">
      <Filter>src\Music</Filter>
    </ClInclude>
    <ClInclude Include="$(MSBuildThisFileDirectory)src\Music\Music.h">
      <Filter>src\Music</Filter>
    </ClInclude>
    <ClInclude Include="$(MSBuildThisFileDirectory)src\Music\MusicDef.h">
      <Filter>src\Music</Filter>
    </ClInclude>
    <ClInclude Include="$(MSBuildThisFileDirectory)src\Music\Note.h">
      <Filter>src\Music</Filter>
    </ClInclude>
    <ClInclude Include="$(MSBuildThisFileDirectory)src\Music\NoteInfo.h">
      <Filter>src\Music</Filter>
    </ClInclude>
    <ClInclude Include="$(MSBuildThisFileDirectory)src\Music\Player.h">
      <Filter>src\Music</Filter>
    </ClInclude>
    <ClInclude Include="$(MSBuildThisFileDirectory)src\Music\Rhythm.h">
      <Filter>src\Music</Filter>
    </ClInclude>
    <ClInclude Include="$(MSBuildThisFileDirectory)src\Music\Scale.h">
      <Filter>src\Music</Filter>
    </ClInclude>
    <ClInclude Include="$(MSBuildThisFileDirectory)src\Music\Song.h">
      <Filter>src\Music</Filter>
    </ClInclude>
    <ClInclude Include="$(MSBuildThisFileDirectory)src\Music\Staff.h">
      <Filter>src\Music</Filter>
    </ClInclude>
    <ClInclude Include="$(MSBuildThisFileDirectory)src\Music\Synth.h">
      <Filter>src\Music</Filter>
    </ClInclude>
    <ClInclude Include="$(MSBuildThisFileDirectory)src\Music\Track.h">
      <Filter>src\Music</Filter>
    </ClInclude>
    <ClInclude Include="$(MSBuildThisFileDirectory)src\Sound\bassoon_samples.h">
      <Filter>src\Sound</Filter>
    </ClInclude>
    <ClInclude Include="$(MSBuildThisFileDirectory)src\Sound\clarinet_samples.h">
      <Filter>src\Sound</Filter>
    </ClInclude>
    <ClInclude Include="$(MSBuildThisFileDirectory)src\Sound\distortiongt_samples.h">
      <Filter>src\Sound</Filter>
    </ClInclude>
    <ClInclude Include="$(MSBuildThisFileDirectory)src\Sound\drumBass_samples.h">
      <Filter>src\Sound</Filter>
    </ClInclude>
    <ClInclude Include="$(MSBuildThisFileDirectory)src\Sound\drumBlock_samples.h">
      <Filter>src\Sound</Filter>
    </ClInclude>
    <ClInclude Include="$(MSBuildThisFileDirectory)src\Sound\drumCrash_samples.h">
      <Filter>src\Sound</Filter>
    </ClInclude>
    <ClInclude Include="$(MSBuildThisFileDirectory)src\Sound\drumHat_samples.h">
      <Filter>src\Sound</Filter>
    </ClInclude>
    <ClInclude Include="$(MSBuildThisFileDirectory)src\Sound\drumRide_samples.h">
      <Filter>src\Sound</Filter>
    </ClInclude>
    <ClInclude Include="$(MSBuildThisFileDirectory)src\Sound\drumSnare_samples.h">
      <Filter>src\Sound</Filter>
    </ClInclude>
    <ClInclude Include="$(MSBuildThisFileDirectory)src\Sound\drumTomHigh_samples.h">
      <Filter>src\Sound</Filter>
    </ClInclude>
    <ClInclude Include="$(MSBuildThisFileDirectory)src\Sound\drumTomLow_samples.h">
      <Filter>src\Sound</Filter>
    </ClInclude>
    <ClInclude Include="$(MSBuildThisFileDirectory)src\Sound\epiano_samples.h">
      <Filter>src\Sound</Filter>
    </ClInclude>
    <ClInclude Include="$(MSBuildThisFileDirectory)src\Sound\flute_samples.h">
      <Filter>src\Sound</Filter>
    </ClInclude>
    <ClInclude Include="$(MSBuildThisFileDirectory)src\Sound\frenchhorn_samples.h">
      <Filter>src\Sound</Filter>
    </ClInclude>
    <ClInclude Include="$(MSBuildThisFileDirectory)src\Sound\glockenspiel_samples.h">
      <Filter>src\Sound</Filter>
    </ClInclude>
    <ClInclude Include="$(MSBuildThisFileDirectory)src\Sound\gtfretnoise_samples.h">
      <Filter>src\Sound</Filter>
    </ClInclude>
    <ClInclude Include="$(MSBuildThisFileDirectory)src\Sound\harmonica_samples.h">
      <Filter>src\Sound</Filter>
    </ClInclude>
    <ClInclude Include="$(MSBuildThisFileDirectory)src\Sound\harp_samples.h">
      <Filter>src\Sound</Filter>
    </ClInclude>
    <ClInclude Include="$(MSBuildThisFileDirectory)src\Sound\mutedgtr_samples.h">
      <Filter>src\Sound</Filter>
    </ClInclude>
    <ClInclude Include="$(MSBuildThisFileDirectory)src\Sound\nylonstrgtr_samples.h">
      <Filter>src\Sound</Filter>
    </ClInclude>
    <ClInclude Include="$(MSBuildThisFileDirectory)src\Sound\oboe_samples.h">
      <Filter>src\Sound</Filter>
    </ClInclude>
    <ClInclude Include="$(MSBuildThisFileDirectory)src\Sound\overdrivegt_samples.h">
      <Filter>src\Sound</Filter>
    </ClInclude>
    <ClInclude Include="$(MSBuildThisFileDirectory)src\Sound\piano_samples.h">
      <Filter>src\Sound</Filter>
    </ClInclude>
    <ClInclude Include="$(MSBuildThisFileDirectory)src\Sound\recorder_samples.h">
      <Filter>src\Sound</Filter>
    </ClInclude>
    <ClInclude Include="$(MSBuildThisFileDirectory)src\Sound\Sound.h">
      <Filter>src\Sound</Filter>
    </ClInclude>
    <ClInclude Include="$(MSBuildThisFileDirectory)src\Sound\standard_DRUMS_samples.h">
      <Filter>src\Sound</Filter>
    </ClInclude>
    <ClInclude Include="$(MSBuildThisFileDirectory)src\Sound\steelstrgtr_samples.h">
      <Filter>src\Sound</Filter>
    </ClInclude>
    <ClInclude Include="$(MSBuildThisFileDirectory)src\Sound\strings_samples.h">
      <Filter>src\Sound</Filter>
    </ClInclude>
    <ClInclude Include="$(MSBuildThisFileDirectory)src\Sound\timpani_samples.h">
      <Filter>src\Sound</Filter>
    </ClInclude>
    <ClInclude Include="$(MSBuildThisFileDirectory)src\Sound\trombone_samples.h">
      <Filter>src\Sound</Filter>
    </ClInclude>
    <ClInclude Include="$(MSBuildThisFileDirectory)src\Sound\trumpet_samples.h">
      <Filter>src\Sound</Filter>
    </ClInclude>
    <ClInclude Include="$(MSBuildThisFileDirectory)src\Sound\tuba_samples.h">
      <Filter>src\Sound</Filter>
    </ClInclude>
    <ClInclude Include="$(MSBuildThisFileDirectory)src\Sound\vibraphone_samples.h">
      <Filter>src\Sound</Filter>
    </ClInclude>
  </ItemGroup>
  <ItemGroup>
    <ClCompile Include="$(MSBuildThisFileDirectory)src\Devices\AudioBoard.cpp">
      <Filter>src\Devices</Filter>
    </ClCompile>
    <ClCompile Include="$(MSBuildThisFileDirectory)src\Devices\Bluetooth.cpp">
      <Filter>src\Devices</Filter>
    </ClCompile>
    <ClCompile Include="$(MSBuildThisFileDirectory)src\Devices\Led.cpp">
      <Filter>src\Devices</Filter>
    </ClCompile>
    <ClCompile Include="$(MSBuildThisFileDirectory)src\Devices\MidiInput.cpp">
      <Filter>src\Devices</Filter>
    </ClCompile>
    <ClCompile Include="$(MSBuildThisFileDirectory)src\Devices\Motion.cpp">
      <Filter>src\Devices</Filter>
    </ClCompile>
    <ClCompile Include="$(MSBuildThisFileDirectory)src\Devices\RealTime.cpp">
      <Filter>src\Devices</Filter>
    </ClCompile>
    <ClCompile Include="$(MSBuildThisFileDirectory)src\Devices\SdCard.cpp">
      <Filter>src\Devices</Filter>
    </ClCompile>
    <ClCompile Include="$(MSBuildThisFileDirectory)src\Devices\SettingsFile.cpp">
      <Filter>src\Devices</Filter>
    </ClCompile>
    <ClCompile Include="$(MSBuildThisFileDirectory)src\Devices\Storage.cpp">
      <Filter>src\Devices</Filter>
    </ClCompile>
    <ClCompile Include="$(MSBuildThisFileDirectory)src\Devices\TouchScreen.cpp">
      <Filter>src\Devices</Filter>
    </ClCompile>
    <ClCompile Include="$(MSBuildThisFileDirectory)src\GUI\Button.cpp">
      <Filter>src\GUI</Filter>
    </ClCompile>
    <ClCompile Include="$(MSBuildThisFileDirectory)src\GUI\CheckBox.cpp">
      <Filter>src\GUI</Filter>
    </ClCompile>
    <ClCompile Include="$(MSBuildThisFileDirectory)src\GUI\Control.cpp">
      <Filter>src\GUI</Filter>
    </ClCompile>
    <ClCompile Include="$(MSBuildThisFileDirectory)src\GUI\Gui.cpp">
      <Filter>src\GUI</Filter>
    </ClCompile>
    <ClCompile Include="$(MSBuildThisFileDirectory)src\GUI\GuiMisc.cpp">
      <Filter>src\GUI</Filter>
    </ClCompile>
    <ClCompile Include="$(MSBuildThisFileDirectory)src\GUI\List.cpp">
      <Filter>src\GUI</Filter>
    </ClCompile>
    <ClCompile Include="$(MSBuildThisFileDirectory)src\GUI\Main.cpp">
      <Filter>src\GUI</Filter>
    </ClCompile>
    <ClCompile Include="$(MSBuildThisFileDirectory)src\GUI\PeakMeter.cpp">
      <Filter>src\GUI</Filter>
    </ClCompile>
    <ClCompile Include="$(MSBuildThisFileDirectory)src\GUI\SetAudio.cpp">
      <Filter>src\GUI</Filter>
    </ClCompile>
    <ClCompile Include="$(MSBuildThisFileDirectory)src\GUI\SetBand.cpp">
      <Filter>src\GUI</Filter>
    </ClCompile>
    <ClCompile Include="$(MSBuildThisFileDirectory)src\GUI\SetEffect.cpp">
      <Filter>src\GUI</Filter>
    </ClCompile>
    <ClCompile Include="$(MSBuildThisFileDirectory)src\GUI\SetGuitar.cpp">
      <Filter>src\GUI</Filter>
    </ClCompile>
    <ClCompile Include="$(MSBuildThisFileDirectory)src\GUI\SetSynth.cpp">
      <Filter>src\GUI</Filter>
    </ClCompile>
    <ClCompile Include="$(MSBuildThisFileDirectory)src\GUI\Slider.cpp">
      <Filter>src\GUI</Filter>
    </ClCompile>
    <ClCompile Include="$(MSBuildThisFileDirectory)src\GUI\TextBox.cpp">
      <Filter>src\GUI</Filter>
    </ClCompile>
    <ClCompile Include="$(MSBuildThisFileDirectory)src\GUI\Window.cpp">
      <Filter>src\GUI</Filter>
    </ClCompile>
    <ClCompile Include="$(MSBuildThisFileDirectory)src\Music\Band.cpp">
      <Filter>src\Music</Filter>
    </ClCompile>
    <ClCompile Include="$(MSBuildThisFileDirectory)src\Music\Bass.cpp">
      <Filter>src\Music</Filter>
    </ClCompile>
    <ClCompile Include="$(MSBuildThisFileDirectory)src\Music\Chord.cpp">
      <Filter>src\Music</Filter>
    </ClCompile>
    <ClCompile Include="$(MSBuildThisFileDirectory)src\Music\Drums.cpp">
      <Filter>src\Music</Filter>
    </ClCompile>
    <ClCompile Include="$(MSBuildThisFileDirectory)src\Music\Effects.cpp">
      <Filter>src\Music</Filter>
    </ClCompile>
    <ClCompile Include="$(MSBuildThisFileDirectory)src\Music\Fingers.cpp">
      <Filter>src\Music</Filter>
    </ClCompile>
    <ClCompile Include="$(MSBuildThisFileDirectory)src\Music\Keys.cpp">
      <Filter>src\Music</Filter>
    </ClCompile>
    <ClCompile Include="$(MSBuildThisFileDirectory)src\Music\Lead.cpp">
      <Filter>src\Music</Filter>
    </ClCompile>
    <ClCompile Include="$(MSBuildThisFileDirectory)src\Music\MidiFile.cpp">
      <Filter>src\Music</Filter>
    </ClCompile>
    <ClCompile Include="$(MSBuildThisFileDirectory)src\Music\Misc.cpp">
      <Filter>src\Music</Filter>
    </ClCompile>
    <ClCompile Include="$(MSBuildThisFileDirectory)src\Music\Note.cpp">
      <Filter>src\Music</Filter>
    </ClCompile>
    <ClCompile Include="$(MSBuildThisFileDirectory)src\Music\NoteInfo.cpp">
      <Filter>src\Music</Filter>
    </ClCompile>
    <ClCompile Include="$(MSBuildThisFileDirectory)src\Music\Player.cpp">
      <Filter>src\Music</Filter>
    </ClCompile>
    <ClCompile Include="$(MSBuildThisFileDirectory)src\Music\Rhythm.cpp">
      <Filter>src\Music</Filter>
    </ClCompile>
    <ClCompile Include="$(MSBuildThisFileDirectory)src\Music\Scale.cpp">
      <Filter>src\Music</Filter>
    </ClCompile>
    <ClCompile Include="$(MSBuildThisFileDirectory)src\Music\Song.cpp">
      <Filter>src\Music</Filter>
    </ClCompile>
    <ClCompile Include="$(MSBuildThisFileDirectory)src\Music\Staff.cpp">
      <Filter>src\Music</Filter>
    </ClCompile>
    <ClCompile Include="$(MSBuildThisFileDirectory)src\Music\Synth.cpp">
      <Filter>src\Music</Filter>
    </ClCompile>
    <ClCompile Include="$(MSBuildThisFileDirectory)src\Music\Track.cpp">
      <Filter>src\Music</Filter>
    </ClCompile>
    <ClCompile Include="$(MSBuildThisFileDirectory)src\Sound\bassoon_samples.cpp">
      <Filter>src\Sound</Filter>
    </ClCompile>
    <ClCompile Include="$(MSBuildThisFileDirectory)src\Sound\clarinet_samples.cpp">
      <Filter>src\Sound</Filter>
    </ClCompile>
    <ClCompile Include="$(MSBuildThisFileDirectory)src\Sound\distortiongt_samples.cpp">
      <Filter>src\Sound</Filter>
    </ClCompile>
    <ClCompile Include="$(MSBuildThisFileDirectory)src\Sound\drumBass_samples.cpp">
      <Filter>src\Sound</Filter>
    </ClCompile>
    <ClCompile Include="$(MSBuildThisFileDirectory)src\Sound\drumBlock_samples.cpp">
      <Filter>src\Sound</Filter>
    </ClCompile>
    <ClCompile Include="$(MSBuildThisFileDirectory)src\Sound\drumCrash_samples.cpp">
      <Filter>src\Sound</Filter>
    </ClCompile>
    <ClCompile Include="$(MSBuildThisFileDirectory)src\Sound\drumHat_samples.cpp">
      <Filter>src\Sound</Filter>
    </ClCompile>
    <ClCompile Include="$(MSBuildThisFileDirectory)src\Sound\drumRide_samples.cpp">
      <Filter>src\Sound</Filter>
    </ClCompile>
    <ClCompile Include="$(MSBuildThisFileDirectory)src\Sound\drumSnare_samples.cpp">
      <Filter>src\Sound</Filter>
    </ClCompile>
    <ClCompile Include="$(MSBuildThisFileDirectory)src\Sound\drumTomHigh_samples.cpp">
      <Filter>src\Sound</Filter>
    </ClCompile>
    <ClCompile Include="$(MSBuildThisFileDirectory)src\Sound\drumTomLow_samples.cpp">
      <Filter>src\Sound</Filter>
    </ClCompile>
    <ClCompile Include="$(MSBuildThisFileDirectory)src\Sound\epiano_samples.cpp">
      <Filter>src\Sound</Filter>
    </ClCompile>
    <ClCompile Include="$(MSBuildThisFileDirectory)src\Sound\flute_samples.cpp">
      <Filter>src\Sound</Filter>
    </ClCompile>
    <ClCompile Include="$(MSBuildThisFileDirectory)src\Sound\frenchhorn_samples.cpp">
      <Filter>src\Sound</Filter>
    </ClCompile>
    <ClCompile Include="$(MSBuildThisFileDirectory)src\Sound\glockenspiel_samples.cpp">
      <Filter>src\Sound</Filter>
    </ClCompile>
    <ClCompile Include="$(MSBuildThisFileDirectory)src\Sound\gtfretnoise_samples.cpp">
      <Filter>src\Sound</Filter>
    </ClCompile>
    <ClCompile Include="$(MSBuildThisFileDirectory)src\Sound\harmonica_samples.cpp">
      <Filter>src\Sound</Filter>
    </ClCompile>
    <ClCompile Include="$(MSBuildThisFileDirectory)src\Sound\harp_samples.cpp">
      <Filter>src\Sound</Filter>
    </ClCompile>
    <ClCompile Include="$(MSBuildThisFileDirectory)src\Sound\mutedgtr_samples.cpp">
      <Filter>src\Sound</Filter>
    </ClCompile>
    <ClCompile Include="$(MSBuildThisFileDirectory)src\Sound\nylonstrgtr_samples.cpp">
      <Filter>src\Sound</Filter>
    </ClCompile>
    <ClCompile Include="$(MSBuildThisFileDirectory)src\Sound\oboe_samples.cpp">
      <Filter>src\Sound</Filter>
    </ClCompile>
    <ClCompile Include="$(MSBuildThisFileDirectory)src\Sound\overdrivegt_samples.cpp">
      <Filter>src\Sound</Filter>
    </ClCompile>
    <ClCompile Include="$(MSBuildThisFileDirectory)src\Sound\piano_samples.cpp">
      <Filter>src\Sound</Filter>
    </ClCompile>
    <ClCompile Include="$(MSBuildThisFileDirectory)src\Sound\recorder_samples.cpp">
      <Filter>src\Sound</Filter>
    </ClCompile>
    <ClCompile Include="$(MSBuildThisFileDirectory)src\Sound\standard_DRUMS_samples.cpp">
      <Filter>src\Sound</Filter>
    </ClCompile>
    <ClCompile Include="$(MSBuildThisFileDirectory)src\Sound\steelstrgtr_samples.cpp">
      <Filter>src\Sound</Filter>
    </ClCompile>
    <ClCompile Include="$(MSBuildThisFileDirectory)src\Sound\strings_samples.cpp">
      <Filter>src\Sound</Filter>
    </ClCompile>
    <ClCompile Include="$(MSBuildThisFileDirectory)src\Sound\timpani_samples.cpp">
      <Filter>src\Sound</Filter>
    </ClCompile>
    <ClCompile Include="$(MSBuildThisFileDirectory)src\Sound\trombone_samples.cpp">
      <Filter>src\Sound</Filter>
    </ClCompile>
    <ClCompile Include="$(MSBuildThisFileDirectory)src\Sound\trumpet_samples.cpp">
      <Filter>src\Sound</Filter>
    </ClCompile>
    <ClCompile Include="$(MSBuildThisFileDirectory)src\Sound\tuba_samples.cpp">
      <Filter>src\Sound</Filter>
    </ClCompile>
    <ClCompile Include="$(MSBuildThisFileDirectory)src\Sound\vibraphone_samples.cpp">
      <Filter>src\Sound</Filter>
    </ClCompile>
  </ItemGroup>
</Project>