
Microsoft Visual Studio Solution File, Format Version 12.00
# Visual Studio Version 16
VisualStudioVersion = 16.0.30413.136
MinimumVisualStudioVersion = 10.0.40219.1
Project("{8BC9CEB8-8B4A-11D0-8D11-00A0C91BC942}") = "QuantoGraph", "QuantoGraph.vcxitems", "{273D39FC-B261-414D-8438-6605752BF42C}"
EndProject
Project("{8BC9CEB8-8B4A-11D0-8D11-00A0C91BC942}") = "Led", "examples\Led\Led.vcxproj", "{C5F80730-F44F-4478-BDAE-6634EFC2CA88}"
EndProject
Project("{8BC9CEB8-8B4A-11D0-8D11-00A0C91BC942}") = "Mic", "examples\Mic\Mic.vcxproj", "{0C7187C7-96D4-4815-ADED-B39DA774B9D2}"
EndProject
Project("{8BC9CEB8-8B4A-11D0-8D11-00A0C91BC942}") = "Instrument", "examples\Instrument\Instrument.vcxproj", "{E2976680-AD7E-4B2C-A8D4-4A07C30B907C}"
EndProject
Project("{8BC9CEB8-8B4A-11D0-8D11-00A0C91BC942}") = "MidiInput", "examples\MidiInput\MidiInput.vcxproj", "{6D9D49A6-0A52-4609-8E3D-7E86490619D3}"
EndProject
Project("{8BC9CEB8-8B4A-11D0-8D11-00A0C91BC942}") = "Screen", "examples\Screen\Screen.vcxproj", "{EABDDB2E-78B8-408A-9A1D-CF30327AA981}"
EndProject
Project("{2150E333-8FDC-42A3-9474-1A3956D46DE8}") = "Examples", "Examples", "{9F4F51F3-221E-4D2A-80D0-0CD8299AF0CF}"
EndProject
Project("{8BC9CEB8-8B4A-11D0-8D11-00A0C91BC942}") = "LineIn", "examples\LineIn\LineIn.vcxproj", "{7291C55E-876B-49A7-9723-3920A0C5BB67}"
EndProject
Global
	GlobalSection(SolutionConfigurationPlatforms) = preSolution
		Debug|x86 = Debug|x86
		Release|x86 = Release|x86
	EndGlobalSection
	GlobalSection(ProjectConfigurationPlatforms) = postSolution
		{C5F80730-F44F-4478-BDAE-6634EFC2CA88}.Debug|x86.ActiveCfg = Debug|Win32
		{C5F80730-F44F-4478-BDAE-6634EFC2CA88}.Debug|x86.Build.0 = Debug|Win32
		{C5F80730-F44F-4478-BDAE-6634EFC2CA88}.Release|x86.ActiveCfg = Release|Win32
		{C5F80730-F44F-4478-BDAE-6634EFC2CA88}.Release|x86.Build.0 = Release|Win32
		{0C7187C7-96D4-4815-ADED-B39DA774B9D2}.Debug|x86.ActiveCfg = Debug|Win32
		{0C7187C7-96D4-4815-ADED-B39DA774B9D2}.Debug|x86.Build.0 = Debug|Win32
		{0C7187C7-96D4-4815-ADED-B39DA774B9D2}.Release|x86.ActiveCfg = Release|Win32
		{0C7187C7-96D4-4815-ADED-B39DA774B9D2}.Release|x86.Build.0 = Release|Win32
		{E2976680-AD7E-4B2C-A8D4-4A07C30B907C}.Debug|x86.ActiveCfg = Debug|Win32
		{E2976680-AD7E-4B2C-A8D4-4A07C30B907C}.Debug|x86.Build.0 = Debug|Win32
		{E2976680-AD7E-4B2C-A8D4-4A07C30B907C}.Release|x86.ActiveCfg = Release|Win32
		{E2976680-AD7E-4B2C-A8D4-4A07C30B907C}.Release|x86.Build.0 = Release|Win32
		{6D9D49A6-0A52-4609-8E3D-7E86490619D3}.Debug|x86.ActiveCfg = Debug|Win32
		{6D9D49A6-0A52-4609-8E3D-7E86490619D3}.Debug|x86.Build.0 = Debug|Win32
		{6D9D49A6-0A52-4609-8E3D-7E86490619D3}.Release|x86.ActiveCfg = Release|Win32
		{6D9D49A6-0A52-4609-8E3D-7E86490619D3}.Release|x86.Build.0 = Release|Win32
		{EABDDB2E-78B8-408A-9A1D-CF30327AA981}.Debug|x86.ActiveCfg = Debug|Win32
		{EABDDB2E-78B8-408A-9A1D-CF30327AA981}.Debug|x86.Build.0 = Debug|Win32
		{EABDDB2E-78B8-408A-9A1D-CF30327AA981}.Release|x86.ActiveCfg = Release|Win32
		{EABDDB2E-78B8-408A-9A1D-CF30327AA981}.Release|x86.Build.0 = Release|Win32
		{7291C55E-876B-49A7-9723-3920A0C5BB67}.Debug|x86.ActiveCfg = Debug|Win32
		{7291C55E-876B-49A7-9723-3920A0C5BB67}.Debug|x86.Build.0 = Debug|Win32
		{7291C55E-876B-49A7-9723-3920A0C5BB67}.Release|x86.ActiveCfg = Release|Win32
		{7291C55E-876B-49A7-9723-3920A0C5BB67}.Release|x86.Build.0 = Release|Win32
	EndGlobalSection
	GlobalSection(SolutionProperties) = preSolution
		HideSolutionNode = FALSE
	EndGlobalSection
	GlobalSection(NestedProjects) = preSolution
		{C5F80730-F44F-4478-BDAE-6634EFC2CA88} = {9F4F51F3-221E-4D2A-80D0-0CD8299AF0CF}
		{0C7187C7-96D4-4815-ADED-B39DA774B9D2} = {9F4F51F3-221E-4D2A-80D0-0CD8299AF0CF}
		{E2976680-AD7E-4B2C-A8D4-4A07C30B907C} = {9F4F51F3-221E-4D2A-80D0-0CD8299AF0CF}
		{6D9D49A6-0A52-4609-8E3D-7E86490619D3} = {9F4F51F3-221E-4D2A-80D0-0CD8299AF0CF}
		{EABDDB2E-78B8-408A-9A1D-CF30327AA981} = {9F4F51F3-221E-4D2A-80D0-0CD8299AF0CF}
		{7291C55E-876B-49A7-9723-3920A0C5BB67} = {9F4F51F3-221E-4D2A-80D0-0CD8299AF0CF}
	EndGlobalSection
	GlobalSection(ExtensibilityGlobals) = postSolution
		SolutionGuid = {5A72EE42-BC43-4F77-AD74-A7AC147D91C0}
	EndGlobalSection
EndGlobal
