<?xml version="1.0" encoding="utf-8"?>
<Project ToolsVersion="4.0" xmlns="http://schemas.microsoft.com/developer/msbuild/2003">
  <ItemGroup>
    <ClInclude Include="..\..\src\Devices\AudioBoard.h">
      <Filter>Devices</Filter>
    </ClInclude>
    <ClInclude Include="..\..\src\Devices\Bluetooth.h">
      <Filter>Devices</Filter>
    </ClInclude>
    <ClInclude Include="..\..\src\Devices\Definitions.h">
      <Filter>Devices</Filter>
    </ClInclude>
    <ClInclude Include="..\..\src\Devices\Devices.h">
      <Filter>Devices</Filter>
    </ClInclude>
    <ClInclude Include="..\..\src\Devices\Led.h">
      <Filter>Devices</Filter>
    </ClInclude>
    <ClInclude Include="..\..\src\Devices\MidiInput.h">
      <Filter>Devices</Filter>
    </ClInclude>
    <ClInclude Include="..\..\src\Devices\Motion.h">
      <Filter>Devices</Filter>
    </ClInclude>
    <ClInclude Include="..\..\src\Devices\RealTime.h">
      <Filter>Devices</Filter>
    </ClInclude>
    <ClInclude Include="..\..\src\Devices\SdCard.h">
      <Filter>Devices</Filter>
    </ClInclude>
    <ClInclude Include="..\..\src\Devices\SettingsFile.h">
      <Filter>Devices</Filter>
    </ClInclude>
    <ClInclude Include="..\..\src\Devices\Storage.h">
      <Filter>Devices</Filter>
    </ClInclude>
    <ClInclude Include="..\..\src\Devices\TouchScreen.h">
      <Filter>Devices</Filter>
    </ClInclude>
    <ClInclude Include="..\..\src\GUI\Button.h">
      <Filter>GUI</Filter>
    </ClInclude>
    <ClInclude Include="..\..\src\GUI\CheckBox.h">
      <Filter>GUI</Filter>
    </ClInclude>
    <ClInclude Include="..\..\src\GUI\Control.h">
      <Filter>GUI</Filter>
    </ClInclude>
    <ClInclude Include="..\..\src\GUI\Gui.h">
      <Filter>GUI</Filter>
    </ClInclude>
    <ClInclude Include="..\..\src\GUI\GuiMisc.h">
      <Filter>GUI</Filter>
    </ClInclude>
    <ClInclude Include="..\..\src\GUI\List.h">
      <Filter>GUI</Filter>
    </ClInclude>
    <ClInclude Include="..\..\src\GUI\Main.h">
      <Filter>GUI</Filter>
    </ClInclude>
    <ClInclude Include="..\..\src\GUI\PeakMeter.h">
      <Filter>GUI</Filter>
    </ClInclude>
    <ClInclude Include="..\..\src\GUI\SetAudio.h">
      <Filter>GUI</Filter>
    </ClInclude>
    <ClInclude Include="..\..\src\GUI\SetBand.h">
      <Filter>GUI</Filter>
    </ClInclude>
    <ClInclude Include="..\..\src\GUI\SetEffect.h">
      <Filter>GUI</Filter>
    </ClInclude>
    <ClInclude Include="..\..\src\GUI\SetGuitar.h">
      <Filter>GUI</Filter>
    </ClInclude>
    <ClInclude Include="..\..\src\GUI\SetSynth.h">
      <Filter>GUI</Filter>
    </ClInclude>
    <ClInclude Include="..\..\src\GUI\Slider.h">
      <Filter>GUI</Filter>
    </ClInclude>
    <ClInclude Include="..\..\src\GUI\TextBox.h">
      <Filter>GUI</Filter>
    </ClInclude>
    <ClInclude Include="..\..\src\GUI\Window.h">
      <Filter>GUI</Filter>
    </ClInclude>
    <ClInclude Include="..\..\src\Music\Band.h">
      <Filter>Music</Filter>
    </ClInclude>
    <ClInclude Include="..\..\src\Music\Bass.h">
      <Filter>Music</Filter>
    </ClInclude>
    <ClInclude Include="..\..\src\Music\Chord.h">
      <Filter>Music</Filter>
    </ClInclude>
    <ClInclude Include="..\..\src\Music\Drums.h">
      <Filter>Music</Filter>
    </ClInclude>
    <ClInclude Include="..\..\src\Music\Effects.h">
      <Filter>Music</Filter>
    </ClInclude>
    <ClInclude Include="..\..\src\Music\Fingers.h">
      <Filter>Music</Filter>
    </ClInclude>
    <ClInclude Include="..\..\src\Music\Keys.h">
      <Filter>Music</Filter>
    </ClInclude>
    <ClInclude Include="..\..\src\Music\Lead.h">
      <Filter>Music</Filter>
    </ClInclude>
    <ClInclude Include="..\..\src\Music\MidiFile.h">
      <Filter>Music</Filter>
    </ClInclude>
    <ClInclude Include="..\..\src\Music\Misc.h">
      <Filter>Music</Filter>
    </ClInclude>
    <ClInclude Include="..\..\src\Music\Music.h">
      <Filter>Music</Filter>
    </ClInclude>
    <ClInclude Include="..\..\src\Music\MusicDef.h">
      <Filter>Music</Filter>
    </ClInclude>
    <ClInclude Include="..\..\src\Music\Note.h">
      <Filter>Music</Filter>
    </ClInclude>
    <ClInclude Include="..\..\src\Music\NoteInfo.h">
      <Filter>Music</Filter>
    </ClInclude>
    <ClInclude Include="..\..\src\Music\Player.h">
      <Filter>Music</Filter>
    </ClInclude>
    <ClInclude Include="..\..\src\Music\Rhythm.h">
      <Filter>Music</Filter>
    </ClInclude>
    <ClInclude Include="..\..\src\Music\Scale.h">
      <Filter>Music</Filter>
    </ClInclude>
    <ClInclude Include="..\..\src\Music\Song.h">
      <Filter>Music</Filter>
    </ClInclude>
    <ClInclude Include="..\..\src\Music\Staff.h">
      <Filter>Music</Filter>
    </ClInclude>
    <ClInclude Include="..\..\src\Music\Synth.h">
      <Filter>Music</Filter>
    </ClInclude>
    <ClInclude Include="..\..\src\Music\Track.h">
      <Filter>Music</Filter>
    </ClInclude>
    <ClInclude Include="..\..\src\Sound\bassoon_samples.h">
      <Filter>Sound</Filter>
    </ClInclude>
    <ClInclude Include="..\..\src\Sound\clarinet_samples.h">
      <Filter>Sound</Filter>
    </ClInclude>
    <ClInclude Include="..\..\src\Sound\distortiongt_samples.h">
      <Filter>Sound</Filter>
    </ClInclude>
    <ClInclude Include="..\..\src\Sound\drumBass_samples.h">
      <Filter>Sound</Filter>
    </ClInclude>
    <ClInclude Include="..\..\src\Sound\drumBlock_samples.h">
      <Filter>Sound</Filter>
    </ClInclude>
    <ClInclude Include="..\..\src\Sound\drumCrash_samples.h">
      <Filter>Sound</Filter>
    </ClInclude>
    <ClInclude Include="..\..\src\Sound\drumHat_samples.h">
      <Filter>Sound</Filter>
    </ClInclude>
    <ClInclude Include="..\..\src\Sound\drumRide_samples.h">
      <Filter>Sound</Filter>
    </ClInclude>
    <ClInclude Include="..\..\src\Sound\drumSnare_samples.h">
      <Filter>Sound</Filter>
    </ClInclude>
    <ClInclude Include="..\..\src\Sound\drumTomHigh_samples.h">
      <Filter>Sound</Filter>
    </ClInclude>
    <ClInclude Include="..\..\src\Sound\drumTomLow_samples.h">
      <Filter>Sound</Filter>
    </ClInclude>
    <ClInclude Include="..\..\src\Sound\epiano_samples.h">
      <Filter>Sound</Filter>
    </ClInclude>
    <ClInclude Include="..\..\src\Sound\flute_samples.h">
      <Filter>Sound</Filter>
    </ClInclude>
    <ClInclude Include="..\..\src\Sound\frenchhorn_samples.h">
      <Filter>Sound</Filter>
    </ClInclude>
    <ClInclude Include="..\..\src\Sound\glockenspiel_samples.h">
      <Filter>Sound</Filter>
    </ClInclude>
    <ClInclude Include="..\..\src\Sound\gtfretnoise_samples.h">
      <Filter>Sound</Filter>
    </ClInclude>
    <ClInclude Include="..\..\src\Sound\harmonica_samples.h">
      <Filter>Sound</Filter>
    </ClInclude>
    <ClInclude Include="..\..\src\Sound\harp_samples.h">
      <Filter>Sound</Filter>
    </ClInclude>
    <ClInclude Include="..\..\src\Sound\mutedgtr_samples.h">
      <Filter>Sound</Filter>
    </ClInclude>
    <ClInclude Include="..\..\src\Sound\nylonstrgtr_samples.h">
      <Filter>Sound</Filter>
    </ClInclude>
    <ClInclude Include="..\..\src\Sound\oboe_samples.h">
      <Filter>Sound</Filter>
    </ClInclude>
    <ClInclude Include="..\..\src\Sound\overdrivegt_samples.h">
      <Filter>Sound</Filter>
    </ClInclude>
    <ClInclude Include="..\..\src\Sound\piano_samples.h">
      <Filter>Sound</Filter>
    </ClInclude>
    <ClInclude Include="..\..\src\Sound\recorder_samples.h">
      <Filter>Sound</Filter>
    </ClInclude>
    <ClInclude Include="..\..\src\Sound\Sound.h">
      <Filter>Sound</Filter>
    </ClInclude>
    <ClInclude Include="..\..\src\Sound\standard_DRUMS_samples.h">
      <Filter>Sound</Filter>
    </ClInclude>
    <ClInclude Include="..\..\src\Sound\steelstrgtr_samples.h">
      <Filter>Sound</Filter>
    </ClInclude>
    <ClInclude Include="..\..\src\Sound\strings_samples.h">
      <Filter>Sound</Filter>
    </ClInclude>
    <ClInclude Include="..\..\src\Sound\timpani_samples.h">
      <Filter>Sound</Filter>
    </ClInclude>
    <ClInclude Include="..\..\src\Sound\trombone_samples.h">
      <Filter>Sound</Filter>
    </ClInclude>
    <ClInclude Include="..\..\src\Sound\trumpet_samples.h">
      <Filter>Sound</Filter>
    </ClInclude>
    <ClInclude Include="..\..\src\Sound\tuba_samples.h">
      <Filter>Sound</Filter>
    </ClInclude>
    <ClInclude Include="..\..\src\Sound\vibraphone_samples.h">
      <Filter>Sound</Filter>
    </ClInclude>
    <ClInclude Include="..\..\src\QuantoGraph.h" />
  </ItemGroup>
  <ItemGroup>
    <None Include="ReadMe.md" />
    <None Include="Instrument.ino" />
  </ItemGroup>
  <ItemGroup>
    <Filter Include="Devices">
      <UniqueIdentifier>{c5582fe1-3d5d-42e5-a12d-218b82b68ac6}</UniqueIdentifier>
    </Filter>
    <Filter Include="Music">
      <UniqueIdentifier>{79cad231-3c9e-4b88-94a4-45ed6c0dd328}</UniqueIdentifier>
    </Filter>
    <Filter Include="Sound">
      <UniqueIdentifier>{a5084584-58e5-43b4-984c-8a17bea53053}</UniqueIdentifier>
    </Filter>
    <Filter Include="GUI">
      <UniqueIdentifier>{4663f09f-c375-4bd6-abfe-91f46bf2879d}</UniqueIdentifier>
    </Filter>
  </ItemGroup>
  <ItemGroup>
    <ClCompile Include="..\..\src\Devices\AudioBoard.cpp">
      <Filter>Devices</Filter>
    </ClCompile>
    <ClCompile Include="..\..\src\Devices\Bluetooth.cpp">
      <Filter>Devices</Filter>
    </ClCompile>
    <ClCompile Include="..\..\src\Devices\Led.cpp">
      <Filter>Devices</Filter>
    </ClCompile>
    <ClCompile Include="..\..\src\Devices\MidiInput.cpp">
      <Filter>Devices</Filter>
    </ClCompile>
    <ClCompile Include="..\..\src\Devices\Motion.cpp">
      <Filter>Devices</Filter>
    </ClCompile>
    <ClCompile Include="..\..\src\Devices\RealTime.cpp">
      <Filter>Devices</Filter>
    </ClCompile>
    <ClCompile Include="..\..\src\Devices\SdCard.cpp">
      <Filter>Devices</Filter>
    </ClCompile>
    <ClCompile Include="..\..\src\Devices\SettingsFile.cpp">
      <Filter>Devices</Filter>
    </ClCompile>
    <ClCompile Include="..\..\src\Devices\Storage.cpp">
      <Filter>Devices</Filter>
    </ClCompile>
    <ClCompile Include="..\..\src\Devices\TouchScreen.cpp">
      <Filter>Devices</Filter>
    </ClCompile>
    <ClCompile Include="..\..\src\GUI\Button.cpp">
      <Filter>GUI</Filter>
    </ClCompile>
    <ClCompile Include="..\..\src\GUI\CheckBox.cpp">
      <Filter>GUI</Filter>
    </ClCompile>
    <ClCompile Include="..\..\src\GUI\Control.cpp">
      <Filter>GUI</Filter>
    </ClCompile>
    <ClCompile Include="..\..\src\GUI\Gui.cpp">
      <Filter>GUI</Filter>
    </ClCompile>
    <ClCompile Include="..\..\src\GUI\GuiMisc.cpp">
      <Filter>GUI</Filter>
    </ClCompile>
    <ClCompile Include="..\..\src\GUI\List.cpp">
      <Filter>GUI</Filter>
    </ClCompile>
    <ClCompile Include="..\..\src\GUI\Main.cpp">
      <Filter>GUI</Filter>
    </ClCompile>
    <ClCompile Include="..\..\src\GUI\PeakMeter.cpp">
      <Filter>GUI</Filter>
    </ClCompile>
    <ClCompile Include="..\..\src\GUI\SetAudio.cpp">
      <Filter>GUI</Filter>
    </ClCompile>
    <ClCompile Include="..\..\src\GUI\SetBand.cpp">
      <Filter>GUI</Filter>
    </ClCompile>
    <ClCompile Include="..\..\src\GUI\SetEffect.cpp">
      <Filter>GUI</Filter>
    </ClCompile>
    <ClCompile Include="..\..\src\GUI\SetGuitar.cpp">
      <Filter>GUI</Filter>
    </ClCompile>
    <ClCompile Include="..\..\src\GUI\SetSynth.cpp">
      <Filter>GUI</Filter>
    </ClCompile>
    <ClCompile Include="..\..\src\GUI\Slider.cpp">
      <Filter>GUI</Filter>
    </ClCompile>
    <ClCompile Include="..\..\src\GUI\TextBox.cpp">
      <Filter>GUI</Filter>
    </ClCompile>
    <ClCompile Include="..\..\src\GUI\Window.cpp">
      <Filter>GUI</Filter>
    </ClCompile>
    <ClCompile Include="..\..\src\Music\Band.cpp">
      <Filter>Music</Filter>
    </ClCompile>
    <ClCompile Include="..\..\src\Music\Bass.cpp">
      <Filter>Music</Filter>
    </ClCompile>
    <ClCompile Include="..\..\src\Music\Chord.cpp">
      <Filter>Music</Filter>
    </ClCompile>
    <ClCompile Include="..\..\src\Music\Drums.cpp">
      <Filter>Music</Filter>
    </ClCompile>
    <ClCompile Include="..\..\src\Music\Effects.cpp">
      <Filter>Music</Filter>
    </ClCompile>
    <ClCompile Include="..\..\src\Music\Fingers.cpp">
      <Filter>Music</Filter>
    </ClCompile>
    <ClCompile Include="..\..\src\Music\Keys.cpp">
      <Filter>Music</Filter>
    </ClCompile>
    <ClCompile Include="..\..\src\Music\Lead.cpp">
      <Filter>Music</Filter>
    </ClCompile>
    <ClCompile Include="..\..\src\Music\MidiFile.cpp">
      <Filter>Music</Filter>
    </ClCompile>
    <ClCompile Include="..\..\src\Music\Misc.cpp">
      <Filter>Music</Filter>
    </ClCompile>
    <ClCompile Include="..\..\src\Music\Note.cpp">
      <Filter>Music</Filter>
    </ClCompile>
    <ClCompile Include="..\..\src\Music\NoteInfo.cpp">
      <Filter>Music</Filter>
    </ClCompile>
    <ClCompile Include="..\..\src\Music\Player.cpp">
      <Filter>Music</Filter>
    </ClCompile>
    <ClCompile Include="..\..\src\Music\Rhythm.cpp">
      <Filter>Music</Filter>
    </ClCompile>
    <ClCompile Include="..\..\src\Music\Scale.cpp">
      <Filter>Music</Filter>
    </ClCompile>
    <ClCompile Include="..\..\src\Music\Song.cpp">
      <Filter>Music</Filter>
    </ClCompile>
    <ClCompile Include="..\..\src\Music\Staff.cpp">
      <Filter>Music</Filter>
    </ClCompile>
    <ClCompile Include="..\..\src\Music\Synth.cpp">
      <Filter>Music</Filter>
    </ClCompile>
    <ClCompile Include="..\..\src\Music\Track.cpp">
      <Filter>Music</Filter>
    </ClCompile>
    <ClCompile Include="..\..\src\Sound\bassoon_samples.cpp">
      <Filter>Sound</Filter>
    </ClCompile>
    <ClCompile Include="..\..\src\Sound\clarinet_samples.cpp">
      <Filter>Sound</Filter>
    </ClCompile>
    <ClCompile Include="..\..\src\Sound\distortiongt_samples.cpp">
      <Filter>Sound</Filter>
    </ClCompile>
    <ClCompile Include="..\..\src\Sound\drumBass_samples.cpp">
      <Filter>Sound</Filter>
    </ClCompile>
    <ClCompile Include="..\..\src\Sound\drumBlock_samples.cpp">
      <Filter>Sound</Filter>
    </ClCompile>
    <ClCompile Include="..\..\src\Sound\drumCrash_samples.cpp">
      <Filter>Sound</Filter>
    </ClCompile>
    <ClCompile Include="..\..\src\Sound\drumHat_samples.cpp">
      <Filter>Sound</Filter>
    </ClCompile>
    <ClCompile Include="..\..\src\Sound\drumRide_samples.cpp">
      <Filter>Sound</Filter>
    </ClCompile>
    <ClCompile Include="..\..\src\Sound\drumSnare_samples.cpp">
      <Filter>Sound</Filter>
    </ClCompile>
    <ClCompile Include="..\..\src\Sound\drumTomHigh_samples.cpp">
      <Filter>Sound</Filter>
    </ClCompile>
    <ClCompile Include="..\..\src\Sound\drumTomLow_samples.cpp">
      <Filter>Sound</Filter>
    </ClCompile>
    <ClCompile Include="..\..\src\Sound\epiano_samples.cpp">
      <Filter>Sound</Filter>
    </ClCompile>
    <ClCompile Include="..\..\src\Sound\flute_samples.cpp">
      <Filter>Sound</Filter>
    </ClCompile>
    <ClCompile Include="..\..\src\Sound\frenchhorn_samples.cpp">
      <Filter>Sound</Filter>
    </ClCompile>
    <ClCompile Include="..\..\src\Sound\glockenspiel_samples.cpp">
      <Filter>Sound</Filter>
    </ClCompile>
    <ClCompile Include="..\..\src\Sound\gtfretnoise_samples.cpp">
      <Filter>Sound</Filter>
    </ClCompile>
    <ClCompile Include="..\..\src\Sound\harmonica_samples.cpp">
      <Filter>Sound</Filter>
    </ClCompile>
    <ClCompile Include="..\..\src\Sound\harp_samples.cpp">
      <Filter>Sound</Filter>
    </ClCompile>
    <ClCompile Include="..\..\src\Sound\mutedgtr_samples.cpp">
      <Filter>Sound</Filter>
    </ClCompile>
    <ClCompile Include="..\..\src\Sound\nylonstrgtr_samples.cpp">
      <Filter>Sound</Filter>
    </ClCompile>
    <ClCompile Include="..\..\src\Sound\oboe_samples.cpp">
      <Filter>Sound</Filter>
    </ClCompile>
    <ClCompile Include="..\..\src\Sound\overdrivegt_samples.cpp">
      <Filter>Sound</Filter>
    </ClCompile>
    <ClCompile Include="..\..\src\Sound\piano_samples.cpp">
      <Filter>Sound</Filter>
    </ClCompile>
    <ClCompile Include="..\..\src\Sound\recorder_samples.cpp">
      <Filter>Sound</Filter>
    </ClCompile>
    <ClCompile Include="..\..\src\Sound\standard_DRUMS_samples.cpp">
      <Filter>Sound</Filter>
    </ClCompile>
    <ClCompile Include="..\..\src\Sound\steelstrgtr_samples.cpp">
      <Filter>Sound</Filter>
    </ClCompile>
    <ClCompile Include="..\..\src\Sound\strings_samples.cpp">
      <Filter>Sound</Filter>
    </ClCompile>
    <ClCompile Include="..\..\src\Sound\timpani_samples.cpp">
      <Filter>Sound</Filter>
    </ClCompile>
    <ClCompile Include="..\..\src\Sound\trombone_samples.cpp">
      <Filter>Sound</Filter>
    </ClCompile>
    <ClCompile Include="..\..\src\Sound\trumpet_samples.cpp">
      <Filter>Sound</Filter>
    </ClCompile>
    <ClCompile Include="..\..\src\Sound\tuba_samples.cpp">
      <Filter>Sound</Filter>
    </ClCompile>
    <ClCompile Include="..\..\src\Sound\vibraphone_samples.cpp">
      <Filter>Sound</Filter>
    </ClCompile>
  </ItemGroup>
  <ItemGroup>
    <Text Include="..\..\src\Music\Keys.txt">
      <Filter>Music</Filter>
    </Text>
  </ItemGroup>
</Project>